
Microsoft Visual Studio Solution File, Format Version 12.00
# Visual Studio Version 17
VisualStudioVersion = 17.0.32112.339
MinimumVisualStudioVersion = 10.0.40219.1
Project("{FAE04EC0-301F-11D3-BF4B-00C04F79EFBC}") = "Epic Bot", "Epic Bot\Epic Bot.csproj", "{574C3143-56A7-44E3-BF52-371B10F0D321}"
EndProject
Global
	GlobalSection(SolutionConfigurationPlatforms) = preSolution
		Debug|Any CPU = Debug|Any CPU
		Release|Any CPU = Release|Any CPU
	EndGlobalSection
	GlobalSection(ProjectConfigurationPlatforms) = postSolution
		{574C3143-56A7-44E3-BF52-371B10F0D321}.Debug|Any CPU.ActiveCfg = Debug|Any CPU
		{574C3143-56A7-44E3-BF52-371B10F0D321}.Debug|Any CPU.Build.0 = Debug|Any CPU
		{574C3143-56A7-44E3-BF52-371B10F0D321}.Release|Any CPU.ActiveCfg = Release|Any CPU
		{574C3143-56A7-44E3-BF52-371B10F0D321}.Release|Any CPU.Build.0 = Release|Any CPU
	EndGlobalSection
	GlobalSection(SolutionProperties) = preSolution
		HideSolutionNode = FALSE
	EndGlobalSection
	GlobalSection(ExtensibilityGlobals) = postSolution
		SolutionGuid = {B6F7F93C-ACD9-4E54-84A6-1022C9CEA159}
	EndGlobalSection
EndGlobal
